
Microsoft Visual Studio Solution File, Format Version 12.00
# Visual Studio Version 17
VisualStudioVersion = 17.10.35122.118
MinimumVisualStudioVersion = 10.0.40219.1
Project("{FAE04EC0-301F-11D3-BF4B-00C04F79EFBC}") = "LINQLab", "LINQLab\LINQLab.csproj", "{80A1A670-9357-410B-B6E2-6B88FC46C14E}"
EndProject
Global
	GlobalSection(SolutionConfigurationPlatforms) = preSolution
		Debug|Any CPU = Debug|Any CPU
		Release|Any CPU = Release|Any CPU
	EndGlobalSection
	GlobalSection(ProjectConfigurationPlatforms) = postSolution
		{80A1A670-9357-410B-B6E2-6B88FC46C14E}.Debug|Any CPU.ActiveCfg = Debug|Any CPU
		{80A1A670-9357-410B-B6E2-6B88FC46C14E}.Debug|Any CPU.Build.0 = Debug|Any CPU
		{80A1A670-9357-410B-B6E2-6B88FC46C14E}.Release|Any CPU.ActiveCfg = Release|Any CPU
		{80A1A670-9357-410B-B6E2-6B88FC46C14E}.Release|Any CPU.Build.0 = Release|Any CPU
	EndGlobalSection
	GlobalSection(SolutionProperties) = preSolution
		HideSolutionNode = FALSE
	EndGlobalSection
	GlobalSection(ExtensibilityGlobals) = postSolution
		SolutionGuid = {24BDF41A-0F69-4313-8D72-3EB4CD1281CA}
	EndGlobalSection
EndGlobal
